// !$*UTF8*$!
{
	archiveVersion = 1;
	classes = {
	};
	objectVersion = 50;
	objects = {

/* Begin PBXBuildFile section */
		D8CAA96720D9DB6B0077605F /* AppDelegate.swift in Sources */ = {isa = PBXBuildFile; fileRef = D8CAA96620D9DB6B0077605F /* AppDelegate.swift */; };
		D8CAA96920D9DB6B0077605F /* ViewController.swift in Sources */ = {isa = PBXBuildFile; fileRef = D8CAA96820D9DB6B0077605F /* ViewController.swift */; };
		D8CAA96B20D9DB6B0077605F /* Document.swift in Sources */ = {isa = PBXBuildFile; fileRef = D8CAA96A20D9DB6B0077605F /* Document.swift */; };
		D8CAA96D20D9DB6C0077605F /* Assets.xcassets in Resources */ = {isa = PBXBuildFile; fileRef = D8CAA96C20D9DB6C0077605F /* Assets.xcassets */; };
		D8CAA97020D9DB6C0077605F /* Main.storyboard in Resources */ = {isa = PBXBuildFile; fileRef = D8CAA96E20D9DB6C0077605F /* Main.storyboard */; };
		D8CAA9CB20D9DBF90077605F /* GRDB.framework in Frameworks */ = {isa = PBXBuildFile; fileRef = D8CAA9BC20D9DBF40077605F /* GRDB.framework */; };
		D8CAA9CC20D9DBF90077605F /* GRDB.framework in Embed Frameworks */ = {isa = PBXBuildFile; fileRef = D8CAA9BC20D9DBF40077605F /* GRDB.framework */; settings = {ATTRIBUTES = (CodeSignOnCopy, RemoveHeadersOnCopy, ); }; };
/* End PBXBuildFile section */

/* Begin PBXContainerItemProxy section */
		D8CAA9BB20D9DBF40077605F /* PBXContainerItemProxy */ = {
			isa = PBXContainerItemProxy;
			containerPortal = D8CAA9AF20D9DBF40077605F /* GRDB.xcodeproj */;
			proxyType = 2;
			remoteGlobalIDString = DC3773F319C8CBB3004FCF85;
			remoteInfo = GRDBOSX;
		};
		D8CAA9BD20D9DBF40077605F /* PBXContainerItemProxy */ = {
			isa = PBXContainerItemProxy;
			containerPortal = D8CAA9AF20D9DBF40077605F /* GRDB.xcodeproj */;
			proxyType = 2;
			remoteGlobalIDString = 56E5D7F91B4D422D00430942;
			remoteInfo = GRDBOSXTests;
		};
		D8CAA9BF20D9DBF40077605F /* PBXContainerItemProxy */ = {
			isa = PBXContainerItemProxy;
			containerPortal = D8CAA9AF20D9DBF40077605F /* GRDB.xcodeproj */;
			proxyType = 2;
			remoteGlobalIDString = 560C981A1C0E22D300BF8471;
			remoteInfo = GRDBOSXPerformanceTests;
		};
		D8CAA9C120D9DBF40077605F /* PBXContainerItemProxy */ = {
			isa = PBXContainerItemProxy;
			containerPortal = D8CAA9AF20D9DBF40077605F /* GRDB.xcodeproj */;
			proxyType = 2;
			remoteGlobalIDString = 56439B501F4CA1DC0066043F;
			remoteInfo = GRDBOSXPerformanceComparisonTests;
		};
		D8CAA9C320D9DBF40077605F /* PBXContainerItemProxy */ = {
			isa = PBXContainerItemProxy;
			containerPortal = D8CAA9AF20D9DBF40077605F /* GRDB.xcodeproj */;
			proxyType = 2;
			remoteGlobalIDString = 56553C181C3E906C00522B5C;
			remoteInfo = GRDBOSXCrashTests;
		};
		D8CAA9C520D9DBF40077605F /* PBXContainerItemProxy */ = {
			isa = PBXContainerItemProxy;
			containerPortal = D8CAA9AF20D9DBF40077605F /* GRDB.xcodeproj */;
			proxyType = 2;
			remoteGlobalIDString = 56E5D7CA1B4D3FED00430942;
			remoteInfo = GRDBiOS;
		};
		D8CAA9C720D9DBF40077605F /* PBXContainerItemProxy */ = {
			isa = PBXContainerItemProxy;
			containerPortal = D8CAA9AF20D9DBF40077605F /* GRDB.xcodeproj */;
			proxyType = 2;
			remoteGlobalIDString = 56E5D7D31B4D3FEE00430942;
			remoteInfo = GRDBiOSTests;
		};
		D8CAA9C920D9DBF40077605F /* PBXContainerItemProxy */ = {
			isa = PBXContainerItemProxy;
			containerPortal = D8CAA9AF20D9DBF40077605F /* GRDB.xcodeproj */;
			proxyType = 2;
			remoteGlobalIDString = 565490A01D5A4798005622CB;
			remoteInfo = GRDBWatchOS;
		};
		D8CAA9CD20D9DBF90077605F /* PBXContainerItemProxy */ = {
			isa = PBXContainerItemProxy;
			containerPortal = D8CAA9AF20D9DBF40077605F /* GRDB.xcodeproj */;
			proxyType = 1;
			remoteGlobalIDString = DC3773F219C8CBB3004FCF85;
			remoteInfo = GRDBOSX;
		};
/* End PBXContainerItemProxy section */

/* Begin PBXCopyFilesBuildPhase section */
		D8CAA9CF20D9DBF90077605F /* Embed Frameworks */ = {
			isa = PBXCopyFilesBuildPhase;
			buildActionMask = 2147483647;
			dstPath = "";
			dstSubfolderSpec = 10;
			files = (
				D8CAA9CC20D9DBF90077605F /* GRDB.framework in Embed Frameworks */,
			);
			name = "Embed Frameworks";
			runOnlyForDeploymentPostprocessing = 0;
		};
/* End PBXCopyFilesBuildPhase section */

/* Begin PBXFileReference section */
		D8CAA96320D9DB6B0077605F /* Document Based SQLite.app */ = {isa = PBXFileReference; explicitFileType = wrapper.application; includeInIndex = 0; path = "Document Based SQLite.app"; sourceTree = BUILT_PRODUCTS_DIR; };
		D8CAA96620D9DB6B0077605F /* AppDelegate.swift */ = {isa = PBXFileReference; lastKnownFileType = sourcecode.swift; path = AppDelegate.swift; sourceTree = "<group>"; };
		D8CAA96820D9DB6B0077605F /* ViewController.swift */ = {isa = PBXFileReference; lastKnownFileType = sourcecode.swift; path = ViewController.swift; sourceTree = "<group>"; };
		D8CAA96A20D9DB6B0077605F /* Document.swift */ = {isa = PBXFileReference; lastKnownFileType = sourcecode.swift; path = Document.swift; sourceTree = "<group>"; };
		D8CAA96C20D9DB6C0077605F /* Assets.xcassets */ = {isa = PBXFileReference; lastKnownFileType = folder.assetcatalog; path = Assets.xcassets; sourceTree = "<group>"; };
		D8CAA96F20D9DB6C0077605F /* Base */ = {isa = PBXFileReference; lastKnownFileType = file.storyboard; name = Base; path = Base.lproj/Main.storyboard; sourceTree = "<group>"; };
		D8CAA97120D9DB6C0077605F /* Info.plist */ = {isa = PBXFileReference; lastKnownFileType = text.plist.xml; path = Info.plist; sourceTree = "<group>"; };
		D8CAA97220D9DB6C0077605F /* Document_Based_SQLite.entitlements */ = {isa = PBXFileReference; lastKnownFileType = text.plist.entitlements; path = Document_Based_SQLite.entitlements; sourceTree = "<group>"; };
		D8CAA9AF20D9DBF40077605F /* GRDB.xcodeproj */ = {isa = PBXFileReference; lastKnownFileType = "wrapper.pb-project"; name = GRDB.xcodeproj; path = ../GRDB.swift/GRDB.xcodeproj; sourceTree = "<group>"; };
		D8CAA9D020D9DC510077605F /* Document Based SQLite.entitlements */ = {isa = PBXFileReference; lastKnownFileType = text.plist.entitlements; path = "Document Based SQLite.entitlements"; sourceTree = "<group>"; };
/* End PBXFileReference section */

/* Begin PBXFrameworksBuildPhase section */
		D8CAA96020D9DB6B0077605F /* Frameworks */ = {
			isa = PBXFrameworksBuildPhase;
			buildActionMask = 2147483647;
			files = (
				D8CAA9CB20D9DBF90077605F /* GRDB.framework in Frameworks */,
			);
			runOnlyForDeploymentPostprocessing = 0;
		};
/* End PBXFrameworksBuildPhase section */

/* Begin PBXGroup section */
		D8CAA95A20D9DB6B0077605F = {
			isa = PBXGroup;
			children = (
				D8CAA96520D9DB6B0077605F /* Document Based SQLite */,
				D8CAA96420D9DB6B0077605F /* Products */,
				D8CAA9AE20D9DBF30077605F /* Frameworks */,
			);
			sourceTree = "<group>";
		};
		D8CAA96420D9DB6B0077605F /* Products */ = {
			isa = PBXGroup;
			children = (
				D8CAA96320D9DB6B0077605F /* Document Based SQLite.app */,
			);
			name = Products;
			sourceTree = "<group>";
		};
		D8CAA96520D9DB6B0077605F /* Document Based SQLite */ = {
			isa = PBXGroup;
			children = (
				D8CAA9D020D9DC510077605F /* Document Based SQLite.entitlements */,
				D8CAA96620D9DB6B0077605F /* AppDelegate.swift */,
				D8CAA96820D9DB6B0077605F /* ViewController.swift */,
				D8CAA96A20D9DB6B0077605F /* Document.swift */,
				D8CAA96C20D9DB6C0077605F /* Assets.xcassets */,
				D8CAA96E20D9DB6C0077605F /* Main.storyboard */,
				D8CAA97120D9DB6C0077605F /* Info.plist */,
				D8CAA97220D9DB6C0077605F /* Document_Based_SQLite.entitlements */,
			);
			path = "Document Based SQLite";
			sourceTree = "<group>";
		};
		D8CAA9AE20D9DBF30077605F /* Frameworks */ = {
			isa = PBXGroup;
			children = (
				D8CAA9AF20D9DBF40077605F /* GRDB.xcodeproj */,
			);
			name = Frameworks;
			sourceTree = "<group>";
		};
		D8CAA9B020D9DBF40077605F /* Products */ = {
			isa = PBXGroup;
			children = (
				D8CAA9BC20D9DBF40077605F /* GRDB.framework */,
				D8CAA9BE20D9DBF40077605F /* GRDBOSXTests.xctest */,
				D8CAA9C020D9DBF40077605F /* GRDBOSXPerformanceTests.xctest */,
				D8CAA9C220D9DBF40077605F /* GRDBOSXPerformanceComparisonTests.xctest */,
				D8CAA9C420D9DBF40077605F /* GRDBOSXCrashTests.xctest */,
				D8CAA9C620D9DBF40077605F /* GRDB.framework */,
				D8CAA9C820D9DBF40077605F /* GRDBiOSTests.xctest */,
				D8CAA9CA20D9DBF40077605F /* GRDB.framework */,
			);
			name = Products;
			sourceTree = "<group>";
		};
/* End PBXGroup section */

/* Begin PBXNativeTarget section */
		D8CAA96220D9DB6B0077605F /* Document Based SQLite */ = {
			isa = PBXNativeTarget;
			buildConfigurationList = D8CAA97520D9DB6C0077605F /* Build configuration list for PBXNativeTarget "Document Based SQLite" */;
			buildPhases = (
				D8CAA95F20D9DB6B0077605F /* Sources */,
				D8CAA96020D9DB6B0077605F /* Frameworks */,
				D8CAA96120D9DB6B0077605F /* Resources */,
				D8CAA9CF20D9DBF90077605F /* Embed Frameworks */,
			);
			buildRules = (
			);
			dependencies = (
				D8CAA9CE20D9DBF90077605F /* PBXTargetDependency */,
			);
			name = "Document Based SQLite";
			productName = "Document Based SQLite";
			productReference = D8CAA96320D9DB6B0077605F /* Document Based SQLite.app */;
			productType = "com.apple.product-type.application";
		};
/* End PBXNativeTarget section */

/* Begin PBXProject section */
		D8CAA95B20D9DB6B0077605F /* Project object */ = {
			isa = PBXProject;
			attributes = {
				LastSwiftUpdateCheck = 0940;
				LastUpgradeCheck = 0940;
				ORGANIZATIONNAME = "Andre Yonadam";
				TargetAttributes = {
					D8CAA96220D9DB6B0077605F = {
						CreatedOnToolsVersion = 9.4;
						SystemCapabilities = {
							com.apple.Sandbox = {
								enabled = 1;
							};
						};
					};
				};
			};
			buildConfigurationList = D8CAA95E20D9DB6B0077605F /* Build configuration list for PBXProject "Document Based SQLite" */;
			compatibilityVersion = "Xcode 9.3";
			developmentRegion = en;
			hasScannedForEncodings = 0;
			knownRegions = (
				en,
				Base,
			);
			mainGroup = D8CAA95A20D9DB6B0077605F;
			productRefGroup = D8CAA96420D9DB6B0077605F /* Products */;
			projectDirPath = "";
			projectReferences = (
				{
					ProductGroup = D8CAA9B020D9DBF40077605F /* Products */;
					ProjectRef = D8CAA9AF20D9DBF40077605F /* GRDB.xcodeproj */;
				},
			);
			projectRoot = "";
			targets = (
				D8CAA96220D9DB6B0077605F /* Document Based SQLite */,
			);
		};
/* End PBXProject section */

/* Begin PBXReferenceProxy section */
		D8CAA9BC20D9DBF40077605F /* GRDB.framework */ = {
			isa = PBXReferenceProxy;
			fileType = wrapper.framework;
			path = GRDB.framework;
			remoteRef = D8CAA9BB20D9DBF40077605F /* PBXContainerItemProxy */;
			sourceTree = BUILT_PRODUCTS_DIR;
		};
		D8CAA9BE20D9DBF40077605F /* GRDBOSXTests.xctest */ = {
			isa = PBXReferenceProxy;
			fileType = wrapper.cfbundle;
			path = GRDBOSXTests.xctest;
			remoteRef = D8CAA9BD20D9DBF40077605F /* PBXContainerItemProxy */;
			sourceTree = BUILT_PRODUCTS_DIR;
		};
		D8CAA9C020D9DBF40077605F /* GRDBOSXPerformanceTests.xctest */ = {
			isa = PBXReferenceProxy;
			fileType = wrapper.cfbundle;
			path = GRDBOSXPerformanceTests.xctest;
			remoteRef = D8CAA9BF20D9DBF40077605F /* PBXContainerItemProxy */;
			sourceTree = BUILT_PRODUCTS_DIR;
		};
		D8CAA9C220D9DBF40077605F /* GRDBOSXPerformanceComparisonTests.xctest */ = {
			isa = PBXReferenceProxy;
			fileType = wrapper.cfbundle;
			path = GRDBOSXPerformanceComparisonTests.xctest;
			remoteRef = D8CAA9C120D9DBF40077605F /* PBXContainerItemProxy */;
			sourceTree = BUILT_PRODUCTS_DIR;
		};
		D8CAA9C420D9DBF40077605F /* GRDBOSXCrashTests.xctest */ = {
			isa = PBXReferenceProxy;
			fileType = wrapper.cfbundle;
			path = GRDBOSXCrashTests.xctest;
			remoteRef = D8CAA9C320D9DBF40077605F /* PBXContainerItemProxy */;
			sourceTree = BUILT_PRODUCTS_DIR;
		};
		D8CAA9C620D9DBF40077605F /* GRDB.framework */ = {
			isa = PBXReferenceProxy;
			fileType = wrapper.framework;
			path = GRDB.framework;
			remoteRef = D8CAA9C520D9DBF40077605F /* PBXContainerItemProxy */;
			sourceTree = BUILT_PRODUCTS_DIR;
		};
		D8CAA9C820D9DBF40077605F /* GRDBiOSTests.xctest */ = {
			isa = PBXReferenceProxy;
			fileType = wrapper.cfbundle;
			path = GRDBiOSTests.xctest;
			remoteRef = D8CAA9C720D9DBF40077605F /* PBXContainerItemProxy */;
			sourceTree = BUILT_PRODUCTS_DIR;
		};
		D8CAA9CA20D9DBF40077605F /* GRDB.framework */ = {
			isa = PBXReferenceProxy;
			fileType = wrapper.framework;
			path = GRDB.framework;
			remoteRef = D8CAA9C920D9DBF40077605F /* PBXContainerItemProxy */;
			sourceTree = BUILT_PRODUCTS_DIR;
		};
/* End PBXReferenceProxy section */

/* Begin PBXResourcesBuildPhase section */
		D8CAA96120D9DB6B0077605F /* Resources */ = {
			isa = PBXResourcesBuildPhase;
			buildActionMask = 2147483647;
			files = (
				D8CAA96D20D9DB6C0077605F /* Assets.xcassets in Resources */,
				D8CAA97020D9DB6C0077605F /* Main.storyboard in Resources */,
			);
			runOnlyForDeploymentPostprocessing = 0;
		};
/* End PBXResourcesBuildPhase section */

/* Begin PBXSourcesBuildPhase section */
		D8CAA95F20D9DB6B0077605F /* Sources */ = {
			isa = PBXSourcesBuildPhase;
			buildActionMask = 2147483647;
			files = (
				D8CAA96920D9DB6B0077605F /* ViewController.swift in Sources */,
				D8CAA96720D9DB6B0077605F /* AppDelegate.swift in Sources */,
				D8CAA96B20D9DB6B0077605F /* Document.swift in Sources */,
			);
			runOnlyForDeploymentPostprocessing = 0;
		};
/* End PBXSourcesBuildPhase section */

/* Begin PBXTargetDependency section */
		D8CAA9CE20D9DBF90077605F /* PBXTargetDependency */ = {
			isa = PBXTargetDependency;
			name = GRDBOSX;
			targetProxy = D8CAA9CD20D9DBF90077605F /* PBXContainerItemProxy */;
		};
/* End PBXTargetDependency section */

/* Begin PBXVariantGroup section */
		D8CAA96E20D9DB6C0077605F /* Main.storyboard */ = {
			isa = PBXVariantGroup;
			children = (
				D8CAA96F20D9DB6C0077605F /* Base */,
			);
			name = Main.storyboard;
			sourceTree = "<group>";
		};
/* End PBXVariantGroup section */

/* Begin XCBuildConfiguration section */
		D8CAA97320D9DB6C0077605F /* Debug */ = {
			isa = XCBuildConfiguration;
			buildSettings = {
				ALWAYS_SEARCH_USER_PATHS = NO;
				CLANG_ANALYZER_NONNULL = YES;
				CLANG_ANALYZER_NUMBER_OBJECT_CONVERSION = YES_AGGRESSIVE;
				CLANG_CXX_LANGUAGE_STANDARD = "gnu++14";
				CLANG_CXX_LIBRARY = "libc++";
				CLANG_ENABLE_MODULES = YES;
				CLANG_ENABLE_OBJC_ARC = YES;
				CLANG_ENABLE_OBJC_WEAK = YES;
				CLANG_WARN_BLOCK_CAPTURE_AUTORELEASING = YES;
				CLANG_WARN_BOOL_CONVERSION = YES;
				CLANG_WARN_COMMA = YES;
				CLANG_WARN_CONSTANT_CONVERSION = YES;
				CLANG_WARN_DEPRECATED_OBJC_IMPLEMENTATIONS = YES;
				CLANG_WARN_DIRECT_OBJC_ISA_USAGE = YES_ERROR;
				CLANG_WARN_DOCUMENTATION_COMMENTS = YES;
				CLANG_WARN_EMPTY_BODY = YES;
				CLANG_WARN_ENUM_CONVERSION = YES;
				CLANG_WARN_INFINITE_RECURSION = YES;
				CLANG_WARN_INT_CONVERSION = YES;
				CLANG_WARN_NON_LITERAL_NULL_CONVERSION = YES;
				CLANG_WARN_OBJC_IMPLICIT_RETAIN_SELF = YES;
				CLANG_WARN_OBJC_LITERAL_CONVERSION = YES;
				CLANG_WARN_OBJC_ROOT_CLASS = YES_ERROR;
				CLANG_WARN_RANGE_LOOP_ANALYSIS = YES;
				CLANG_WARN_STRICT_PROTOTYPES = YES;
				CLANG_WARN_SUSPICIOUS_MOVE = YES;
				CLANG_WARN_UNGUARDED_AVAILABILITY = YES_AGGRESSIVE;
				CLANG_WARN_UNREACHABLE_CODE = YES;
				CLANG_WARN__DUPLICATE_METHOD_MATCH = YES;
				CODE_SIGN_IDENTITY = "Mac Developer";
				COPY_PHASE_STRIP = NO;
				DEBUG_INFORMATION_FORMAT = dwarf;
				ENABLE_STRICT_OBJC_MSGSEND = YES;
				ENABLE_TESTABILITY = YES;
				GCC_C_LANGUAGE_STANDARD = gnu11;
				GCC_DYNAMIC_NO_PIC = NO;
				GCC_NO_COMMON_BLOCKS = YES;
				GCC_OPTIMIZATION_LEVEL = 0;
				GCC_PREPROCESSOR_DEFINITIONS = (
					"DEBUG=1",
					"$(inherited)",
				);
				GCC_WARN_64_TO_32_BIT_CONVERSION = YES;
				GCC_WARN_ABOUT_RETURN_TYPE = YES_ERROR;
				GCC_WARN_UNDECLARED_SELECTOR = YES;
				GCC_WARN_UNINITIALIZED_AUTOS = YES_AGGRESSIVE;
				GCC_WARN_UNUSED_FUNCTION = YES;
				GCC_WARN_UNUSED_VARIABLE = YES;
				MACOSX_DEPLOYMENT_TARGET = 10.13;
				MTL_ENABLE_DEBUG_INFO = YES;
				ONLY_ACTIVE_ARCH = YES;
				SDKROOT = macosx;
				SWIFT_ACTIVE_COMPILATION_CONDITIONS = DEBUG;
				SWIFT_OPTIMIZATION_LEVEL = "-Onone";
			};
			name = Debug;
		};
		D8CAA97420D9DB6C0077605F /* Release */ = {
			isa = XCBuildConfiguration;
			buildSettings = {
				ALWAYS_SEARCH_USER_PATHS = NO;
				CLANG_ANALYZER_NONNULL = YES;
				CLANG_ANALYZER_NUMBER_OBJECT_CONVERSION = YES_AGGRESSIVE;
				CLANG_CXX_LANGUAGE_STANDARD = "gnu++14";
				CLANG_CXX_LIBRARY = "libc++";
				CLANG_ENABLE_MODULES = YES;
				CLANG_ENABLE_OBJC_ARC = YES;
				CLANG_ENABLE_OBJC_WEAK = YES;
				CLANG_WARN_BLOCK_CAPTURE_AUTORELEASING = YES;
				CLANG_WARN_BOOL_CONVERSION = YES;
				CLANG_WARN_COMMA = YES;
				CLANG_WARN_CONSTANT_CONVERSION = YES;
				CLANG_WARN_DEPRECATED_OBJC_IMPLEMENTATIONS = YES;
				CLANG_WARN_DIRECT_OBJC_ISA_USAGE = YES_ERROR;
				CLANG_WARN_DOCUMENTATION_COMMENTS = YES;
				CLANG_WARN_EMPTY_BODY = YES;
				CLANG_WARN_ENUM_CONVERSION = YES;
				CLANG_WARN_INFINITE_RECURSION = YES;
				CLANG_WARN_INT_CONVERSION = YES;
				CLANG_WARN_NON_LITERAL_NULL_CONVERSION = YES;
				CLANG_WARN_OBJC_IMPLICIT_RETAIN_SELF = YES;
				CLANG_WARN_OBJC_LITERAL_CONVERSION = YES;
				CLANG_WARN_OBJC_ROOT_CLASS = YES_ERROR;
				CLANG_WARN_RANGE_LOOP_ANALYSIS = YES;
				CLANG_WARN_STRICT_PROTOTYPES = YES;
				CLANG_WARN_SUSPICIOUS_MOVE = YES;
				CLANG_WARN_UNGUARDED_AVAILABILITY = YES_AGGRESSIVE;
				CLANG_WARN_UNREACHABLE_CODE = YES;
				CLANG_WARN__DUPLICATE_METHOD_MATCH = YES;
				CODE_SIGN_IDENTITY = "Mac Developer";
				COPY_PHASE_STRIP = NO;
				DEBUG_INFORMATION_FORMAT = "dwarf-with-dsym";
				ENABLE_NS_ASSERTIONS = NO;
				ENABLE_STRICT_OBJC_MSGSEND = YES;
				GCC_C_LANGUAGE_STANDARD = gnu11;
				GCC_NO_COMMON_BLOCKS = YES;
				GCC_WARN_64_TO_32_BIT_CONVERSION = YES;
				GCC_WARN_ABOUT_RETURN_TYPE = YES_ERROR;
				GCC_WARN_UNDECLARED_SELECTOR = YES;
				GCC_WARN_UNINITIALIZED_AUTOS = YES_AGGRESSIVE;
				GCC_WARN_UNUSED_FUNCTION = YES;
				GCC_WARN_UNUSED_VARIABLE = YES;
				MACOSX_DEPLOYMENT_TARGET = 10.13;
				MTL_ENABLE_DEBUG_INFO = NO;
				SDKROOT = macosx;
				SWIFT_COMPILATION_MODE = wholemodule;
				SWIFT_OPTIMIZATION_LEVEL = "-O";
			};
			name = Release;
		};
		D8CAA97620D9DB6C0077605F /* Debug */ = {
			isa = XCBuildConfiguration;
			buildSettings = {
				ALWAYS_EMBED_SWIFT_STANDARD_LIBRARIES = YES;
				ASSETCATALOG_COMPILER_APPICON_NAME = AppIcon;
				CODE_SIGN_ENTITLEMENTS = "Document Based SQLite/Document Based SQLite.entitlements";
				CODE_SIGN_STYLE = Automatic;
				COMBINE_HIDPI_IMAGES = YES;
				DEVELOPMENT_TEAM = 7LY8BAAH8V;
				INFOPLIST_FILE = "Document Based SQLite/Info.plist";
				LD_RUNPATH_SEARCH_PATHS = (
					"$(inherited)",
					"@executable_path/../Frameworks",
				);
				PRODUCT_BUNDLE_IDENTIFIER = "com.andreyonadam.Document-Based-SQLite";
				PRODUCT_NAME = "$(TARGET_NAME)";
				SWIFT_VERSION = 4.0;
			};
			name = Debug;
		};
		D8CAA97720D9DB6C0077605F /* Release */ = {
			isa = XCBuildConfiguration;
			buildSettings = {
				ALWAYS_EMBED_SWIFT_STANDARD_LIBRARIES = YES;
				ASSETCATALOG_COMPILER_APPICON_NAME = AppIcon;
				CODE_SIGN_ENTITLEMENTS = "Document Based SQLite/Document Based SQLite.entitlements";
				CODE_SIGN_STYLE = Automatic;
				COMBINE_HIDPI_IMAGES = YES;
				DEVELOPMENT_TEAM = 7LY8BAAH8V;
				INFOPLIST_FILE = "Document Based SQLite/Info.plist";
				LD_RUNPATH_SEARCH_PATHS = (
					"$(inherited)",
					"@executable_path/../Frameworks",
				);
				PRODUCT_BUNDLE_IDENTIFIER = "com.andreyonadam.Document-Based-SQLite";
				PRODUCT_NAME = "$(TARGET_NAME)";
				SWIFT_VERSION = 4.0;
			};
			name = Release;
		};
/* End XCBuildConfiguration section */

/* Begin XCConfigurationList section */
		D8CAA95E20D9DB6B0077605F /* Build configuration list for PBXProject "Document Based SQLite" */ = {
			isa = XCConfigurationList;
			buildConfigurations = (
				D8CAA97320D9DB6C0077605F /* Debug */,
				D8CAA97420D9DB6C0077605F /* Release */,
			);
			defaultConfigurationIsVisible = 0;
			defaultConfigurationName = Release;
		};
		D8CAA97520D9DB6C0077605F /* Build configuration list for PBXNativeTarget "Document Based SQLite" */ = {
			isa = XCConfigurationList;
			buildConfigurations = (
				D8CAA97620D9DB6C0077605F /* Debug */,
				D8CAA97720D9DB6C0077605F /* Release */,
			);
			defaultConfigurationIsVisible = 0;
			defaultConfigurationName = Release;
		};
/* End XCConfigurationList section */
	};
	rootObject = D8CAA95B20D9DB6B0077605F /* Project object */;
}
